// !$*UTF8*$!
{
	archiveVersion = 1;
	classes = {
	};
	objectVersion = 50;
	objects = {

/* Begin PBXBuildFile section */
		757A569121E5792900C8B403 /* AppDelegate.swift in Sources */ = {isa = PBXBuildFile; fileRef = 757A569021E5792900C8B403 /* AppDelegate.swift */; };
		757A569321E5792900C8B403 /* ViewController.swift in Sources */ = {isa = PBXBuildFile; fileRef = 757A569221E5792900C8B403 /* ViewController.swift */; };
		757A569621E5792A00C8B403 /* Main.storyboard in Resources */ = {isa = PBXBuildFile; fileRef = 757A569421E5792A00C8B403 /* Main.storyboard */; };
		757A569821E5792B00C8B403 /* Assets.xcassets in Resources */ = {isa = PBXBuildFile; fileRef = 757A569721E5792B00C8B403 /* Assets.xcassets */; };
		757A569B21E5792B00C8B403 /* LaunchScreen.storyboard in Resources */ = {isa = PBXBuildFile; fileRef = 757A569921E5792B00C8B403 /* LaunchScreen.storyboard */; };
		757A56B321E57A1C00C8B403 /* Object.swift in Sources */ = {isa = PBXBuildFile; fileRef = 757A56B221E57A1C00C8B403 /* Object.swift */; };
		757A56B521E57A3C00C8B403 /* ObjectTests.swift in Sources */ = {isa = PBXBuildFile; fileRef = 757A56B421E57A3C00C8B403 /* ObjectTests.swift */; };
/* End PBXBuildFile section */

/* Begin PBXContainerItemProxy section */
		757A56A221E5792C00C8B403 /* PBXContainerItemProxy */ = {
			isa = PBXContainerItemProxy;
			containerPortal = 757A568521E5792900C8B403 /* Project object */;
			proxyType = 1;
			remoteGlobalIDString = 757A568C21E5792900C8B403;
			remoteInfo = SampleTravis1;
		};
/* End PBXContainerItemProxy section */

/* Begin PBXFileReference section */
		757A568D21E5792900C8B403 /* SampleTravis2.app */ = {isa = PBXFileReference; explicitFileType = wrapper.application; includeInIndex = 0; path = SampleTravis2.app; sourceTree = BUILT_PRODUCTS_DIR; };
		757A569021E5792900C8B403 /* AppDelegate.swift */ = {isa = PBXFileReference; lastKnownFileType = sourcecode.swift; path = AppDelegate.swift; sourceTree = "<group>"; };
		757A569221E5792900C8B403 /* ViewController.swift */ = {isa = PBXFileReference; lastKnownFileType = sourcecode.swift; path = ViewController.swift; sourceTree = "<group>"; };
		757A569521E5792A00C8B403 /* Base */ = {isa = PBXFileReference; lastKnownFileType = file.storyboard; name = Base; path = Base.lproj/Main.storyboard; sourceTree = "<group>"; };
		757A569721E5792B00C8B403 /* Assets.xcassets */ = {isa = PBXFileReference; lastKnownFileType = folder.assetcatalog; path = Assets.xcassets; sourceTree = "<group>"; };
		757A569A21E5792B00C8B403 /* Base */ = {isa = PBXFileReference; lastKnownFileType = file.storyboard; name = Base; path = Base.lproj/LaunchScreen.storyboard; sourceTree = "<group>"; };
		757A569C21E5792B00C8B403 /* Info.plist */ = {isa = PBXFileReference; lastKnownFileType = text.plist.xml; path = Info.plist; sourceTree = "<group>"; };
		757A56A121E5792C00C8B403 /* SampleTravis2Tests.xctest */ = {isa = PBXFileReference; explicitFileType = wrapper.cfbundle; includeInIndex = 0; path = SampleTravis2Tests.xctest; sourceTree = BUILT_PRODUCTS_DIR; };
		757A56A721E5792C00C8B403 /* Info.plist */ = {isa = PBXFileReference; lastKnownFileType = text.plist.xml; path = Info.plist; sourceTree = "<group>"; };
		757A56B221E57A1C00C8B403 /* Object.swift */ = {isa = PBXFileReference; lastKnownFileType = sourcecode.swift; path = Object.swift; sourceTree = "<group>"; };
		757A56B421E57A3C00C8B403 /* ObjectTests.swift */ = {isa = PBXFileReference; lastKnownFileType = sourcecode.swift; path = ObjectTests.swift; sourceTree = "<group>"; };
/* End PBXFileReference section */

/* Begin PBXFrameworksBuildPhase section */
		757A568A21E5792900C8B403 /* Frameworks */ = {
			isa = PBXFrameworksBuildPhase;
			buildActionMask = 2147483647;
			files = (
			);
			runOnlyForDeploymentPostprocessing = 0;
		};
		757A569E21E5792C00C8B403 /* Frameworks */ = {
			isa = PBXFrameworksBuildPhase;
			buildActionMask = 2147483647;
			files = (
			);
			runOnlyForDeploymentPostprocessing = 0;
		};
/* End PBXFrameworksBuildPhase section */

/* Begin PBXGroup section */
		757A568421E5792900C8B403 = {
			isa = PBXGroup;
			children = (
				757A568F21E5792900C8B403 /* SampleTravis2 */,
				757A56A421E5792C00C8B403 /* SampleTravis2Tests */,
				757A568E21E5792900C8B403 /* Products */,
			);
			sourceTree = "<group>";
		};
		757A568E21E5792900C8B403 /* Products */ = {
			isa = PBXGroup;
			children = (
				757A568D21E5792900C8B403 /* SampleTravis2.app */,
				757A56A121E5792C00C8B403 /* SampleTravis2Tests.xctest */,
			);
			name = Products;
			sourceTree = "<group>";
		};
		757A568F21E5792900C8B403 /* SampleTravis2 */ = {
			isa = PBXGroup;
			children = (
				757A569021E5792900C8B403 /* AppDelegate.swift */,
				757A569221E5792900C8B403 /* ViewController.swift */,
				757A569421E5792A00C8B403 /* Main.storyboard */,
				757A569721E5792B00C8B403 /* Assets.xcassets */,
				757A569921E5792B00C8B403 /* LaunchScreen.storyboard */,
				757A569C21E5792B00C8B403 /* Info.plist */,
				757A56B221E57A1C00C8B403 /* Object.swift */,
			);
			path = SampleTravis2;
			sourceTree = "<group>";
		};
		757A56A421E5792C00C8B403 /* SampleTravis2Tests */ = {
			isa = PBXGroup;
			children = (
				757A56A721E5792C00C8B403 /* Info.plist */,
				757A56B421E57A3C00C8B403 /* ObjectTests.swift */,
			);
			path = SampleTravis2Tests;
			sourceTree = "<group>";
		};
/* End PBXGroup section */

/* Begin PBXNativeTarget section */
		757A568C21E5792900C8B403 /* SampleTravis2 */ = {
			isa = PBXNativeTarget;
			buildConfigurationList = 757A56AA21E5792C00C8B403 /* Build configuration list for PBXNativeTarget "SampleTravis2" */;
			buildPhases = (
				757A568921E5792900C8B403 /* Sources */,
				757A568A21E5792900C8B403 /* Frameworks */,
				757A568B21E5792900C8B403 /* Resources */,
			);
			buildRules = (
			);
			dependencies = (
			);
			name = SampleTravis2;
			productName = SampleTravis1;
			productReference = 757A568D21E5792900C8B403 /* SampleTravis2.app */;
			productType = "com.apple.product-type.application";
		};
		757A56A021E5792C00C8B403 /* SampleTravis2Tests */ = {
			isa = PBXNativeTarget;
			buildConfigurationList = 757A56AD21E5792C00C8B403 /* Build configuration list for PBXNativeTarget "SampleTravis2Tests" */;
			buildPhases = (
				757A569D21E5792C00C8B403 /* Sources */,
				757A569E21E5792C00C8B403 /* Frameworks */,
				757A569F21E5792C00C8B403 /* Resources */,
			);
			buildRules = (
			);
			dependencies = (
				757A56A321E5792C00C8B403 /* PBXTargetDependency */,
			);
			name = SampleTravis2Tests;
			productName = SampleTravis1Tests;
			productReference = 757A56A121E5792C00C8B403 /* SampleTravis2Tests.xctest */;
			productType = "com.apple.product-type.bundle.unit-test";
		};
/* End PBXNativeTarget section */

/* Begin PBXProject section */
		757A568521E5792900C8B403 /* Project object */ = {
			isa = PBXProject;
			attributes = {
				LastSwiftUpdateCheck = 1010;
				LastUpgradeCheck = 1010;
				ORGANIZATIONNAME = "Ryo Kosuge";
				TargetAttributes = {
					757A568C21E5792900C8B403 = {
						CreatedOnToolsVersion = 10.1;
					};
					757A56A021E5792C00C8B403 = {
						CreatedOnToolsVersion = 10.1;
						TestTargetID = 757A568C21E5792900C8B403;
					};
				};
			};
			buildConfigurationList = 757A568821E5792900C8B403 /* Build configuration list for PBXProject "SampleTravis2" */;
			compatibilityVersion = "Xcode 9.3";
			developmentRegion = en;
			hasScannedForEncodings = 0;
			knownRegions = (
				en,
				Base,
			);
			mainGroup = 757A568421E5792900C8B403;
			productRefGroup = 757A568E21E5792900C8B403 /* Products */;
			projectDirPath = "";
			projectRoot = "";
			targets = (
				757A568C21E5792900C8B403 /* SampleTravis2 */,
				757A56A021E5792C00C8B403 /* SampleTravis2Tests */,
			);
		};
/* End PBXProject section */

/* Begin PBXResourcesBuildPhase section */
		757A568B21E5792900C8B403 /* Resources */ = {
			isa = PBXResourcesBuildPhase;
			buildActionMask = 2147483647;
			files = (
				757A569B21E5792B00C8B403 /* LaunchScreen.storyboard in Resources */,
				757A569821E5792B00C8B403 /* Assets.xcassets in Resources */,
				757A569621E5792A00C8B403 /* Main.storyboard in Resources */,
			);
			runOnlyForDeploymentPostprocessing = 0;
		};
		757A569F21E5792C00C8B403 /* Resources */ = {
			isa = PBXResourcesBuildPhase;
			buildActionMask = 2147483647;
			files = (
			);
			runOnlyForDeploymentPostprocessing = 0;
		};
/* End PBXResourcesBuildPhase section */

/* Begin PBXSourcesBuildPhase section */
		757A568921E5792900C8B403 /* Sources */ = {
			isa = PBXSourcesBuildPhase;
			buildActionMask = 2147483647;
			files = (
				757A569321E5792900C8B403 /* ViewController.swift in Sources */,
				757A56B321E57A1C00C8B403 /* Object.swift in Sources */,
				757A569121E5792900C8B403 /* AppDelegate.swift in Sources */,
			);
			runOnlyForDeploymentPostprocessing = 0;
		};
		757A569D21E5792C00C8B403 /* Sources */ = {
			isa = PBXSourcesBuildPhase;
			buildActionMask = 2147483647;
			files = (
				757A56B521E57A3C00C8B403 /* ObjectTests.swift in Sources */,
			);
			runOnlyForDeploymentPostprocessing = 0;
		};
/* End PBXSourcesBuildPhase section */

/* Begin PBXTargetDependency section */
		757A56A321E5792C00C8B403 /* PBXTargetDependency */ = {
			isa = PBXTargetDependency;
			target = 757A568C21E5792900C8B403 /* SampleTravis2 */;
			targetProxy = 757A56A221E5792C00C8B403 /* PBXContainerItemProxy */;
		};
/* End PBXTargetDependency section */

/* Begin PBXVariantGroup section */
		757A569421E5792A00C8B403 /* Main.storyboard */ = {
			isa = PBXVariantGroup;
			children = (
				757A569521E5792A00C8B403 /* Base */,
			);
			name = Main.storyboard;
			sourceTree = "<group>";
		};
		757A569921E5792B00C8B403 /* LaunchScreen.storyboard */ = {
			isa = PBXVariantGroup;
			children = (
				757A569A21E5792B00C8B403 /* Base */,
			);
			name = LaunchScreen.storyboard;
			sourceTree = "<group>";
		};
/* End PBXVariantGroup section */

/* Begin XCBuildConfiguration section */
		757A56A821E5792C00C8B403 /* Debug */ = {
			isa = XCBuildConfiguration;
			buildSettings = {
				ALWAYS_SEARCH_USER_PATHS = NO;
				CLANG_ANALYZER_NONNULL = YES;
				CLANG_ANALYZER_NUMBER_OBJECT_CONVERSION = YES_AGGRESSIVE;
				CLANG_CXX_LANGUAGE_STANDARD = "gnu++14";
				CLANG_CXX_LIBRARY = "libc++";
				CLANG_ENABLE_MODULES = YES;
				CLANG_ENABLE_OBJC_ARC = YES;
				CLANG_ENABLE_OBJC_WEAK = YES;
				CLANG_WARN_BLOCK_CAPTURE_AUTORELEASING = YES;
				CLANG_WARN_BOOL_CONVERSION = YES;
				CLANG_WARN_COMMA = YES;
				CLANG_WARN_CONSTANT_CONVERSION = YES;
				CLANG_WARN_DEPRECATED_OBJC_IMPLEMENTATIONS = YES;
				CLANG_WARN_DIRECT_OBJC_ISA_USAGE = YES_ERROR;
				CLANG_WARN_DOCUMENTATION_COMMENTS = YES;
				CLANG_WARN_EMPTY_BODY = YES;
				CLANG_WARN_ENUM_CONVERSION = YES;
				CLANG_WARN_INFINITE_RECURSION = YES;
				CLANG_WARN_INT_CONVERSION = YES;
				CLANG_WARN_NON_LITERAL_NULL_CONVERSION = YES;
				CLANG_WARN_OBJC_IMPLICIT_RETAIN_SELF = YES;
				CLANG_WARN_OBJC_LITERAL_CONVERSION = YES;
				CLANG_WARN_OBJC_ROOT_CLASS = YES_ERROR;
				CLANG_WARN_RANGE_LOOP_ANALYSIS = YES;
				CLANG_WARN_STRICT_PROTOTYPES = YES;
				CLANG_WARN_SUSPICIOUS_MOVE = YES;
				CLANG_WARN_UNGUARDED_AVAILABILITY = YES_AGGRESSIVE;
				CLANG_WARN_UNREACHABLE_CODE = YES;
				CLANG_WARN__DUPLICATE_METHOD_MATCH = YES;
				CODE_SIGN_IDENTITY = "iPhone Developer";
				COPY_PHASE_STRIP = NO;
				DEBUG_INFORMATION_FORMAT = dwarf;
				ENABLE_STRICT_OBJC_MSGSEND = YES;
				ENABLE_TESTABILITY = YES;
				GCC_C_LANGUAGE_STANDARD = gnu11;
				GCC_DYNAMIC_NO_PIC = NO;
				GCC_NO_COMMON_BLOCKS = YES;
				GCC_OPTIMIZATION_LEVEL = 0;
				GCC_PREPROCESSOR_DEFINITIONS = (
					"DEBUG=1",
					"$(inherited)",
				);
				GCC_WARN_64_TO_32_BIT_CONVERSION = YES;
				GCC_WARN_ABOUT_RETURN_TYPE = YES_ERROR;
				GCC_WARN_UNDECLARED_SELECTOR = YES;
				GCC_WARN_UNINITIALIZED_AUTOS = YES_AGGRESSIVE;
				GCC_WARN_UNUSED_FUNCTION = YES;
				GCC_WARN_UNUSED_VARIABLE = YES;
				IPHONEOS_DEPLOYMENT_TARGET = 12.1;
				MTL_ENABLE_DEBUG_INFO = INCLUDE_SOURCE;
				MTL_FAST_MATH = YES;
				ONLY_ACTIVE_ARCH = YES;
				SDKROOT = iphoneos;
				SWIFT_ACTIVE_COMPILATION_CONDITIONS = DEBUG;
				SWIFT_OPTIMIZATION_LEVEL = "-Onone";
			};
			name = Debug;
		};
		757A56A921E5792C00C8B403 /* Release */ = {
			isa = XCBuildConfiguration;
			buildSettings = {
				ALWAYS_SEARCH_USER_PATHS = NO;
				CLANG_ANALYZER_NONNULL = YES;
				CLANG_ANALYZER_NUMBER_OBJECT_CONVERSION = YES_AGGRESSIVE;
				CLANG_CXX_LANGUAGE_STANDARD = "gnu++14";
				CLANG_CXX_LIBRARY = "libc++";
				CLANG_ENABLE_MODULES = YES;
				CLANG_ENABLE_OBJC_ARC = YES;
				CLANG_ENABLE_OBJC_WEAK = YES;
				CLANG_WARN_BLOCK_CAPTURE_AUTORELEASING = YES;
				CLANG_WARN_BOOL_CONVERSION = YES;
				CLANG_WARN_COMMA = YES;
				CLANG_WARN_CONSTANT_CONVERSION = YES;
				CLANG_WARN_DEPRECATED_OBJC_IMPLEMENTATIONS = YES;
				CLANG_WARN_DIRECT_OBJC_ISA_USAGE = YES_ERROR;
				CLANG_WARN_DOCUMENTATION_COMMENTS = YES;
				CLANG_WARN_EMPTY_BODY = YES;
				CLANG_WARN_ENUM_CONVERSION = YES;
				CLANG_WARN_INFINITE_RECURSION = YES;
				CLANG_WARN_INT_CONVERSION = YES;
				CLANG_WARN_NON_LITERAL_NULL_CONVERSION = YES;
				CLANG_WARN_OBJC_IMPLICIT_RETAIN_SELF = YES;
				CLANG_WARN_OBJC_LITERAL_CONVERSION = YES;
				CLANG_WARN_OBJC_ROOT_CLASS = YES_ERROR;
				CLANG_WARN_RANGE_LOOP_ANALYSIS = YES;
				CLANG_WARN_STRICT_PROTOTYPES = YES;
				CLANG_WARN_SUSPICIOUS_MOVE = YES;
				CLANG_WARN_UNGUARDED_AVAILABILITY = YES_AGGRESSIVE;
				CLANG_WARN_UNREACHABLE_CODE = YES;
				CLANG_WARN__DUPLICATE_METHOD_MATCH = YES;
				CODE_SIGN_IDENTITY = "iPhone Developer";
				COPY_PHASE_STRIP = NO;
				DEBUG_INFORMATION_FORMAT = "dwarf-with-dsym";
				ENABLE_NS_ASSERTIONS = NO;
				ENABLE_STRICT_OBJC_MSGSEND = YES;
				GCC_C_LANGUAGE_STANDARD = gnu11;
				GCC_NO_COMMON_BLOCKS = YES;
				GCC_WARN_64_TO_32_BIT_CONVERSION = YES;
				GCC_WARN_ABOUT_RETURN_TYPE = YES_ERROR;
				GCC_WARN_UNDECLARED_SELECTOR = YES;
				GCC_WARN_UNINITIALIZED_AUTOS = YES_AGGRESSIVE;
				GCC_WARN_UNUSED_FUNCTION = YES;
				GCC_WARN_UNUSED_VARIABLE = YES;
				IPHONEOS_DEPLOYMENT_TARGET = 12.1;
				MTL_ENABLE_DEBUG_INFO = NO;
				MTL_FAST_MATH = YES;
				SDKROOT = iphoneos;
				SWIFT_COMPILATION_MODE = wholemodule;
				SWIFT_OPTIMIZATION_LEVEL = "-O";
				VALIDATE_PRODUCT = YES;
			};
			name = Release;
		};
		757A56AB21E5792C00C8B403 /* Debug */ = {
			isa = XCBuildConfiguration;
			buildSettings = {
				ASSETCATALOG_COMPILER_APPICON_NAME = AppIcon;
				CODE_SIGN_STYLE = Automatic;
				INFOPLIST_FILE = "$(SRCROOT)/SampleTravis2/Info.plist";
				LD_RUNPATH_SEARCH_PATHS = (
					"$(inherited)",
					"@executable_path/Frameworks",
				);
				PRODUCT_BUNDLE_IDENTIFIER = com.ryokosuge.SampleTravis2;
				PRODUCT_NAME = "$(TARGET_NAME)";
				SWIFT_VERSION = 4.2;
				TARGETED_DEVICE_FAMILY = "1,2";
			};
			name = Debug;
		};
		757A56AC21E5792C00C8B403 /* Release */ = {
			isa = XCBuildConfiguration;
			buildSettings = {
				ASSETCATALOG_COMPILER_APPICON_NAME = AppIcon;
				CODE_SIGN_STYLE = Automatic;
				INFOPLIST_FILE = "$(SRCROOT)/SampleTravis2/Info.plist";
				LD_RUNPATH_SEARCH_PATHS = (
					"$(inherited)",
					"@executable_path/Frameworks",
				);
				PRODUCT_BUNDLE_IDENTIFIER = com.ryokosuge.SampleTravis2;
				PRODUCT_NAME = "$(TARGET_NAME)";
				SWIFT_VERSION = 4.2;
				TARGETED_DEVICE_FAMILY = "1,2";
			};
			name = Release;
		};
		757A56AE21E5792C00C8B403 /* Debug */ = {
			isa = XCBuildConfiguration;
			buildSettings = {
				ALWAYS_EMBED_SWIFT_STANDARD_LIBRARIES = YES;
				BUNDLE_LOADER = "$(TEST_HOST)";
				CODE_SIGN_STYLE = Automatic;
				INFOPLIST_FILE = SampleTravis2Tests/Info.plist;
				LD_RUNPATH_SEARCH_PATHS = (
					"$(inherited)",
					"@executable_path/Frameworks",
					"@loader_path/Frameworks",
				);
				PRODUCT_BUNDLE_IDENTIFIER = com.ryokosuge.SampleTravis2Tests;
				PRODUCT_NAME = "$(TARGET_NAME)";
				SWIFT_VERSION = 4.2;
				TARGETED_DEVICE_FAMILY = "1,2";
				TEST_HOST = "$(BUILT_PRODUCTS_DIR)/SampleTravis2.app/SampleTravis2";
			};
			name = Debug;
		};
		757A56AF21E5792C00C8B403 /* Release */ = {
			isa = XCBuildConfiguration;
			buildSettings = {
				ALWAYS_EMBED_SWIFT_STANDARD_LIBRARIES = YES;
				BUNDLE_LOADER = "$(TEST_HOST)";
				CODE_SIGN_STYLE = Automatic;
				INFOPLIST_FILE = SampleTravis2Tests/Info.plist;
				LD_RUNPATH_SEARCH_PATHS = (
					"$(inherited)",
					"@executable_path/Frameworks",
					"@loader_path/Frameworks",
				);
				PRODUCT_BUNDLE_IDENTIFIER = com.ryokosuge.SampleTravis2Tests;
				PRODUCT_NAME = "$(TARGET_NAME)";
				SWIFT_VERSION = 4.2;
				TARGETED_DEVICE_FAMILY = "1,2";
				TEST_HOST = "$(BUILT_PRODUCTS_DIR)/SampleTravis2.app/SampleTravis2";
			};
			name = Release;
		};
/* End XCBuildConfiguration section */

/* Begin XCConfigurationList section */
		757A568821E5792900C8B403 /* Build configuration list for PBXProject "SampleTravis2" */ = {
			isa = XCConfigurationList;
			buildConfigurations = (
				757A56A821E5792C00C8B403 /* Debug */,
				757A56A921E5792C00C8B403 /* Release */,
			);
			defaultConfigurationIsVisible = 0;
			defaultConfigurationName = Release;
		};
		757A56AA21E5792C00C8B403 /* Build configuration list for PBXNativeTarget "SampleTravis2" */ = {
			isa = XCConfigurationList;
			buildConfigurations = (
				757A56AB21E5792C00C8B403 /* Debug */,
				757A56AC21E5792C00C8B403 /* Release */,
			);
			defaultConfigurationIsVisible = 0;
			defaultConfigurationName = Release;
		};
		757A56AD21E5792C00C8B403 /* Build configuration list for PBXNativeTarget "SampleTravis2Tests" */ = {
			isa = XCConfigurationList;
			buildConfigurations = (
				757A56AE21E5792C00C8B403 /* Debug */,
				757A56AF21E5792C00C8B403 /* Release */,
			);
			defaultConfigurationIsVisible = 0;
			defaultConfigurationName = Release;
		};
/* End XCConfigurationList section */
	};
	rootObject = 757A568521E5792900C8B403 /* Project object */;
}
